<?xml version="1.0" encoding="utf-8"?>
<Project ToolsVersion="4.0" xmlns="http://schemas.microsoft.com/developer/msbuild/2003">
  <ItemGroup>
    <Filter Include="Source Files">
      <UniqueIdentifier>{4FC737F1-C7A5-4376-A066-2A32D752A2FF}</UniqueIdentifier>
      <Extensions>cpp;c;cc;cxx;def;odl;idl;hpj;bat;asm;asmx</Extensions>
    </Filter>
    <Filter Include="Header Files">
      <UniqueIdentifier>{93995380-89BD-4b04-88EB-625FBE52EBFB}</UniqueIdentifier>
      <Extensions>h;hh;hpp;hxx;hm;inl;inc;xsd</Extensions>
    </Filter>
    <Filter Include="Resource Files">
      <UniqueIdentifier>{67DA6AB6-F800-4c08-8B7A-83BB121AAD01}</UniqueIdentifier>
      <Extensions>rc;ico;cur;bmp;dlg;rc2;rct;bin;rgs;gif;jpg;jpeg;jpe;resx;tiff;tif;png;wav;mfcribbon-ms</Extensions>
    </Filter>
  </ItemGroup>
  <ItemGroup>
    <ClInclude Include="inspector_agent.h">
      <Filter>Header Files</Filter>
    </ClInclude>
    <ClInclude Include="inspector_io.h">
      <Filter>Header Files</Filter>
    </ClInclude>
    <ClInclude Include="inspector_socket.h">
      <Filter>Header Files</Filter>
    </ClInclude>
    <ClInclude Include="inspector_socket_server.h">
      <Filter>Header Files</Filter>
    </ClInclude>
    <ClInclude Include="env.h">
      <Filter>Header Files</Filter>
    </ClInclude>
    <ClInclude Include="env-inl.h">
      <Filter>Header Files</Filter>
    </ClInclude>
    <ClInclude Include="node_debug_options.h">
      <Filter>Header Files</Filter>
    </ClInclude>
    <ClInclude Include="util-inl.h">
      <Filter>Header Files</Filter>
    </ClInclude>
    <ClInclude Include="util.h">
      <Filter>Header Files</Filter>
    </ClInclude>
    <ClInclude Include="node_internals.h">
      <Filter>Header Files</Filter>
    </ClInclude>
    <ClInclude Include="node.h">
      <Filter>Header Files</Filter>
    </ClInclude>
    <ClInclude Include="node_version.h">
      <Filter>Header Files</Filter>
    </ClInclude>
    <ClInclude Include="base64.h">
      <Filter>Header Files</Filter>
    </ClInclude>
    <ClInclude Include="node_mutex.h">
      <Filter>Header Files</Filter>
    </ClInclude>
    <ClInclude Include="node_crypto.h">
      <Filter>Header Files</Filter>
    </ClInclude>
    <ClInclude Include="JsrtInspector.h">
      <Filter>Header Files</Filter>
    </ClInclude>
  </ItemGroup>
  <ItemGroup>
    <ClCompile Include="inspector_agent.cc">
      <Filter>Source Files</Filter>
    </ClCompile>
    <ClCompile Include="inspector_io.cc">
      <Filter>Source Files</Filter>
    </ClCompile>
    <ClCompile Include="inspector_socket.cc">
      <Filter>Source Files</Filter>
    </ClCompile>
    <ClCompile Include="inspector_socket_server.cc">
      <Filter>Source Files</Filter>
    </ClCompile>
    <ClCompile Include="env.cc">
      <Filter>Source Files</Filter>
    </ClCompile>
    <ClCompile Include="node_debug_options.cc">
      <Filter>Source Files</Filter>
    </ClCompile>
    <ClCompile Include="util.cc">
      <Filter>Source Files</Filter>
    </ClCompile>
    <ClCompile Include="node_crypto.cc">
      <Filter>Source Files</Filter>
    </ClCompile>
    <ClCompile Include="node.cc">
      <Filter>Source Files</Filter>
    </ClCompile>
  </ItemGroup>
</Project>